
Microsoft Visual Studio Solution File, Format Version 12.00
# Visual Studio Version 17
VisualStudioVersion = 17.7.34031.279
MinimumVisualStudioVersion = 10.0.40219.1
Project("{FAE04EC0-301F-11D3-BF4B-00C04F79EFBC}") = "WpfApp1", "WpfApp1.csproj", "{328B082C-2B2B-441A-894B-0572E8D531B5}"
EndProject
Global
	GlobalSection(SolutionConfigurationPlatforms) = preSolution
		Debug|Any CPU = Debug|Any CPU
		Release|Any CPU = Release|Any CPU
	EndGlobalSection
	GlobalSection(ProjectConfigurationPlatforms) = postSolution
		{328B082C-2B2B-441A-894B-0572E8D531B5}.Debug|Any CPU.ActiveCfg = Debug|Any CPU
		{328B082C-2B2B-441A-894B-0572E8D531B5}.Debug|Any CPU.Build.0 = Debug|Any CPU
		{328B082C-2B2B-441A-894B-0572E8D531B5}.Release|Any CPU.ActiveCfg = Release|Any CPU
		{328B082C-2B2B-441A-894B-0572E8D531B5}.Release|Any CPU.Build.0 = Release|Any CPU
	EndGlobalSection
	GlobalSection(SolutionProperties) = preSolution
		HideSolutionNode = FALSE
	EndGlobalSection
	GlobalSection(ExtensibilityGlobals) = postSolution
		SolutionGuid = {2D92D9D8-F4A9-47E8-A494-3C4B108008B5}
	EndGlobalSection
EndGlobal
